<?xml version="1.0" encoding="utf-8"?>
<Project ToolsVersion="4.0" xmlns="http://schemas.microsoft.com/developer/msbuild/2003">
  <ItemGroup>
    <Filter Include="Source Files">
      <UniqueIdentifier>{4FC737F1-C7A5-4376-A066-2A32D752A2FF}</UniqueIdentifier>
      <Extensions>cpp;c;cc;cxx;def;odl;idl;hpj;bat;asm;asmx</Extensions>
    </Filter>
    <Filter Include="Header Files">
      <UniqueIdentifier>{93995380-89BD-4b04-88EB-625FBE52EBFB}</UniqueIdentifier>
      <Extensions>h;hpp;hxx;hm;inl;inc;xsd</Extensions>
    </Filter>
    <Filter Include="Resource Files">
      <UniqueIdentifier>{67DA6AB6-F800-4c08-8B7A-83BB121AAD01}</UniqueIdentifier>
      <Extensions>rc;ico;cur;bmp;dlg;rc2;rct;bin;rgs;gif;jpg;jpeg;jpe;resx;tiff;tif;png;wav;mfcribbon-ms</Extensions>
    </Filter>
    <Filter Include="Lib64">
      <UniqueIdentifier>{c8764dec-c6ab-4b3d-b58e-2134109a0e07}</UniqueIdentifier>
    </Filter>
    <Filter Include="Lib">
      <UniqueIdentifier>{5eaa3d21-22cd-4702-aefe-17ed8aa2ba37}</UniqueIdentifier>
    </Filter>
  </ItemGroup>
  <ItemGroup>
    <Library Include="..\..\..\Libraries\vtflib132\lib\x86\VTFLib.lib">
      <Filter>Lib</Filter>
    </Library>
    <Library Include="..\..\..\Libraries\vtflib132\lib\x64\VTFLib.lib">
      <Filter>Lib64</Filter>
    </Library>
    <Library Include="..\lib64\libgimpui-2.0-0.lib">
      <Filter>Lib64</Filter>
    </Library>
    <Library Include="..\lib64\libgimpwidgets-2.0-0.lib">
      <Filter>Lib64</Filter>
    </Library>
    <Library Include="..\lib64\libintl-8.lib">
      <Filter>Lib64</Filter>
    </Library>
    <Library Include="..\lib64\libgimp-2.0-0.lib">
      <Filter>Lib64</Filter>
    </Library>
    <Library Include="..\lib64\libgimpbase-2.0-0.lib">
      <Filter>Lib64</Filter>
    </Library>
    <Library Include="..\lib64\libgtk-win32-2.0-0.lib">
      <Filter>Lib64</Filter>
    </Library>
    <Library Include="..\lib64\libgobject-2.0-0.lib">
      <Filter>Lib64</Filter>
    </Library>
    <Library Include="..\lib64\libglib-2.0-0.lib">
      <Filter>Lib64</Filter>
    </Library>
    <Library Include="..\libs\libgimpui-2.0-0.lib">
      <Filter>Lib</Filter>
    </Library>
    <Library Include="..\libs\libgimpwidgets-2.0-0.lib">
      <Filter>Lib</Filter>
    </Library>
    <Library Include="..\libs\libglib-2.0-0.lib">
      <Filter>Lib</Filter>
    </Library>
    <Library Include="..\libs\libgobject-2.0-0.lib">
      <Filter>Lib</Filter>
    </Library>
    <Library Include="..\libs\libgtk-win32-2.0-0.lib">
      <Filter>Lib</Filter>
    </Library>
    <Library Include="..\libs\libintl-8.lib">
      <Filter>Lib</Filter>
    </Library>
    <Library Include="..\libs\libgimp-2.0-0.lib">
      <Filter>Lib</Filter>
    </Library>
    <Library Include="..\libs\libgimpbase-2.0-0.lib">
      <Filter>Lib</Filter>
    </Library>
  </ItemGroup>
  <ItemGroup>
    <ClCompile Include="file-vtf.c">
      <Filter>Source Files</Filter>
    </ClCompile>
    <ClCompile Include="file-vtf-load.c">
      <Filter>Source Files</Filter>
    </ClCompile>
    <ClCompile Include="file-vtf-save.c">
      <Filter>Source Files</Filter>
    </ClCompile>
  </ItemGroup>
  <ItemGroup>
    <ClInclude Include="file-vtf.h">
      <Filter>Source Files</Filter>
    </ClInclude>
    <ClInclude Include="resources.h">
      <Filter>Resource Files</Filter>
    </ClInclude>
  </ItemGroup>
  <ItemGroup>
    <ResourceCompile Include="file-vtf.rc">
      <Filter>Resource Files</Filter>
    </ResourceCompile>
  </ItemGroup>
  <ItemGroup>
    <CustomBuild Include="file-vtf_en.po">
      <Filter>Resource Files</Filter>
    </CustomBuild>
  </ItemGroup>
  <ItemGroup>
    <None Include="..\readme.txt" />
  </ItemGroup>
</Project>